// !$*UTF8*$!
{
	archiveVersion = 1;
	classes = {
	};
	objectVersion = 77;
	objects = {

/* Begin PBXContainerItemProxy section */
		70D867382CCD8DE800F31D10 /* PBXContainerItemProxy */ = {
			isa = PBXContainerItemProxy;
			containerPortal = 70D8671F2CCD8DE700F31D10 /* Project object */;
			proxyType = 1;
			remoteGlobalIDString = 70D867262CCD8DE700F31D10;
			remoteInfo = ValidateImage;
		};
		70D867422CCD8DE800F31D10 /* PBXContainerItemProxy */ = {
			isa = PBXContainerItemProxy;
			containerPortal = 70D8671F2CCD8DE700F31D10 /* Project object */;
			proxyType = 1;
			remoteGlobalIDString = 70D867262CCD8DE700F31D10;
			remoteInfo = ValidateImage;
		};
/* End PBXContainerItemProxy section */

/* Begin PBXFileReference section */
		70D867272CCD8DE700F31D10 /* ValidateImage.app */ = {isa = PBXFileReference; explicitFileType = wrapper.application; includeInIndex = 0; path = ValidateImage.app; sourceTree = BUILT_PRODUCTS_DIR; };
		70D867372CCD8DE800F31D10 /* ValidateImageTests.xctest */ = {isa = PBXFileReference; explicitFileType = wrapper.cfbundle; includeInIndex = 0; path = ValidateImageTests.xctest; sourceTree = BUILT_PRODUCTS_DIR; };
		70D867412CCD8DE800F31D10 /* ValidateImageUITests.xctest */ = {isa = PBXFileReference; explicitFileType = wrapper.cfbundle; includeInIndex = 0; path = ValidateImageUITests.xctest; sourceTree = BUILT_PRODUCTS_DIR; };
/* End PBXFileReference section */

/* Begin PBXFileSystemSynchronizedRootGroup section */
		70D867292CCD8DE700F31D10 /* ValidateImage */ = {
			isa = PBXFileSystemSynchronizedRootGroup;
			path = ValidateImage;
			sourceTree = "<group>";
		};
		70D8673A2CCD8DE800F31D10 /* ValidateImageTests */ = {
			isa = PBXFileSystemSynchronizedRootGroup;
			path = ValidateImageTests;
			sourceTree = "<group>";
		};
		70D867442CCD8DE800F31D10 /* ValidateImageUITests */ = {
			isa = PBXFileSystemSynchronizedRootGroup;
			path = ValidateImageUITests;
			sourceTree = "<group>";
		};
/* End PBXFileSystemSynchronizedRootGroup section */

/* Begin PBXFrameworksBuildPhase section */
		70D867242CCD8DE700F31D10 /* Frameworks */ = {
			isa = PBXFrameworksBuildPhase;
			buildActionMask = 2147483647;
			files = (
			);
			runOnlyForDeploymentPostprocessing = 0;
		};
		70D867342CCD8DE800F31D10 /* Frameworks */ = {
			isa = PBXFrameworksBuildPhase;
			buildActionMask = 2147483647;
			files = (
			);
			runOnlyForDeploymentPostprocessing = 0;
		};
		70D8673E2CCD8DE800F31D10 /* Frameworks */ = {
			isa = PBXFrameworksBuildPhase;
			buildActionMask = 2147483647;
			files = (
			);
			runOnlyForDeploymentPostprocessing = 0;
		};
/* End PBXFrameworksBuildPhase section */

/* Begin PBXGroup section */
		70D8671E2CCD8DE700F31D10 = {
			isa = PBXGroup;
			children = (
				70D867292CCD8DE700F31D10 /* ValidateImage */,
				70D8673A2CCD8DE800F31D10 /* ValidateImageTests */,
				70D867442CCD8DE800F31D10 /* ValidateImageUITests */,
				70D867282CCD8DE700F31D10 /* Products */,
			);
			sourceTree = "<group>";
		};
		70D867282CCD8DE700F31D10 /* Products */ = {
			isa = PBXGroup;
			children = (
				70D867272CCD8DE700F31D10 /* ValidateImage.app */,
				70D867372CCD8DE800F31D10 /* ValidateImageTests.xctest */,
				70D867412CCD8DE800F31D10 /* ValidateImageUITests.xctest */,
			);
			name = Products;
			sourceTree = "<group>";
		};
/* End PBXGroup section */

/* Begin PBXNativeTarget section */
		70D867262CCD8DE700F31D10 /* ValidateImage */ = {
			isa = PBXNativeTarget;
			buildConfigurationList = 70D8674B2CCD8DE800F31D10 /* Build configuration list for PBXNativeTarget "ValidateImage" */;
			buildPhases = (
				70D867232CCD8DE700F31D10 /* Sources */,
				70D867242CCD8DE700F31D10 /* Frameworks */,
				70D867252CCD8DE700F31D10 /* Resources */,
			);
			buildRules = (
			);
			dependencies = (
			);
			fileSystemSynchronizedGroups = (
				70D867292CCD8DE700F31D10 /* ValidateImage */,
			);
			name = ValidateImage;
			packageProductDependencies = (
			);
			productName = ValidateImage;
			productReference = 70D867272CCD8DE700F31D10 /* ValidateImage.app */;
			productType = "com.apple.product-type.application";
		};
		70D867362CCD8DE800F31D10 /* ValidateImageTests */ = {
			isa = PBXNativeTarget;
			buildConfigurationList = 70D8674E2CCD8DE800F31D10 /* Build configuration list for PBXNativeTarget "ValidateImageTests" */;
			buildPhases = (
				70D867332CCD8DE800F31D10 /* Sources */,
				70D867342CCD8DE800F31D10 /* Frameworks */,
				70D867352CCD8DE800F31D10 /* Resources */,
			);
			buildRules = (
			);
			dependencies = (
				70D867392CCD8DE800F31D10 /* PBXTargetDependency */,
			);
			fileSystemSynchronizedGroups = (
				70D8673A2CCD8DE800F31D10 /* ValidateImageTests */,
			);
			name = ValidateImageTests;
			packageProductDependencies = (
			);
			productName = ValidateImageTests;
			productReference = 70D867372CCD8DE800F31D10 /* ValidateImageTests.xctest */;
			productType = "com.apple.product-type.bundle.unit-test";
		};
		70D867402CCD8DE800F31D10 /* ValidateImageUITests */ = {
			isa = PBXNativeTarget;
			buildConfigurationList = 70D867512CCD8DE800F31D10 /* Build configuration list for PBXNativeTarget "ValidateImageUITests" */;
			buildPhases = (
				70D8673D2CCD8DE800F31D10 /* Sources */,
				70D8673E2CCD8DE800F31D10 /* Frameworks */,
				70D8673F2CCD8DE800F31D10 /* Resources */,
			);
			buildRules = (
			);
			dependencies = (
				70D867432CCD8DE800F31D10 /* PBXTargetDependency */,
			);
			fileSystemSynchronizedGroups = (
				70D867442CCD8DE800F31D10 /* ValidateImageUITests */,
			);
			name = ValidateImageUITests;
			packageProductDependencies = (
			);
			productName = ValidateImageUITests;
			productReference = 70D867412CCD8DE800F31D10 /* ValidateImageUITests.xctest */;
			productType = "com.apple.product-type.bundle.ui-testing";
		};
/* End PBXNativeTarget section */

/* Begin PBXProject section */
		70D8671F2CCD8DE700F31D10 /* Project object */ = {
			isa = PBXProject;
			attributes = {
				BuildIndependentTargetsInParallel = 1;
				LastSwiftUpdateCheck = 1600;
				LastUpgradeCheck = 1600;
				TargetAttributes = {
					70D867262CCD8DE700F31D10 = {
						CreatedOnToolsVersion = 16.0;
					};
					70D867362CCD8DE800F31D10 = {
						CreatedOnToolsVersion = 16.0;
						TestTargetID = 70D867262CCD8DE700F31D10;
					};
					70D867402CCD8DE800F31D10 = {
						CreatedOnToolsVersion = 16.0;
						TestTargetID = 70D867262CCD8DE700F31D10;
					};
				};
			};
			buildConfigurationList = 70D867222CCD8DE700F31D10 /* Build configuration list for PBXProject "ValidateImage" */;
			developmentRegion = en;
			hasScannedForEncodings = 0;
			knownRegions = (
				en,
				Base,
			);
			mainGroup = 70D8671E2CCD8DE700F31D10;
			minimizedProjectReferenceProxies = 1;
			preferredProjectObjectVersion = 77;
			productRefGroup = 70D867282CCD8DE700F31D10 /* Products */;
			projectDirPath = "";
			projectRoot = "";
			targets = (
				70D867262CCD8DE700F31D10 /* ValidateImage */,
				70D867362CCD8DE800F31D10 /* ValidateImageTests */,
				70D867402CCD8DE800F31D10 /* ValidateImageUITests */,
			);
		};
/* End PBXProject section */

/* Begin PBXResourcesBuildPhase section */
		70D867252CCD8DE700F31D10 /* Resources */ = {
			isa = PBXResourcesBuildPhase;
			buildActionMask = 2147483647;
			files = (
			);
			runOnlyForDeploymentPostprocessing = 0;
		};
		70D867352CCD8DE800F31D10 /* Resources */ = {
			isa = PBXResourcesBuildPhase;
			buildActionMask = 2147483647;
			files = (
			);
			runOnlyForDeploymentPostprocessing = 0;
		};
		70D8673F2CCD8DE800F31D10 /* Resources */ = {
			isa = PBXResourcesBuildPhase;
			buildActionMask = 2147483647;
			files = (
			);
			runOnlyForDeploymentPostprocessing = 0;
		};
/* End PBXResourcesBuildPhase section */

/* Begin PBXSourcesBuildPhase section */
		70D867232CCD8DE700F31D10 /* Sources */ = {
			isa = PBXSourcesBuildPhase;
			buildActionMask = 2147483647;
			files = (
			);
			runOnlyForDeploymentPostprocessing = 0;
		};
		70D867332CCD8DE800F31D10 /* Sources */ = {
			isa = PBXSourcesBuildPhase;
			buildActionMask = 2147483647;
			files = (
			);
			runOnlyForDeploymentPostprocessing = 0;
		};
		70D8673D2CCD8DE800F31D10 /* Sources */ = {
			isa = PBXSourcesBuildPhase;
			buildActionMask = 2147483647;
			files = (
			);
			runOnlyForDeploymentPostprocessing = 0;
		};
/* End PBXSourcesBuildPhase section */

/* Begin PBXTargetDependency section */
		70D867392CCD8DE800F31D10 /* PBXTargetDependency */ = {
			isa = PBXTargetDependency;
			target = 70D867262CCD8DE700F31D10 /* ValidateImage */;
			targetProxy = 70D867382CCD8DE800F31D10 /* PBXContainerItemProxy */;
		};
		70D867432CCD8DE800F31D10 /* PBXTargetDependency */ = {
			isa = PBXTargetDependency;
			target = 70D867262CCD8DE700F31D10 /* ValidateImage */;
			targetProxy = 70D867422CCD8DE800F31D10 /* PBXContainerItemProxy */;
		};
/* End PBXTargetDependency section */

/* Begin XCBuildConfiguration section */
		70D867492CCD8DE800F31D10 /* Debug */ = {
			isa = XCBuildConfiguration;
			buildSettings = {
				ALWAYS_SEARCH_USER_PATHS = NO;
				ASSETCATALOG_COMPILER_GENERATE_SWIFT_ASSET_SYMBOL_EXTENSIONS = YES;
				CLANG_ANALYZER_NONNULL = YES;
				CLANG_ANALYZER_NUMBER_OBJECT_CONVERSION = YES_AGGRESSIVE;
				CLANG_CXX_LANGUAGE_STANDARD = "gnu++20";
				CLANG_ENABLE_MODULES = YES;
				CLANG_ENABLE_OBJC_ARC = YES;
				CLANG_ENABLE_OBJC_WEAK = YES;
				CLANG_WARN_BLOCK_CAPTURE_AUTORELEASING = YES;
				CLANG_WARN_BOOL_CONVERSION = YES;
				CLANG_WARN_COMMA = YES;
				CLANG_WARN_CONSTANT_CONVERSION = YES;
				CLANG_WARN_DEPRECATED_OBJC_IMPLEMENTATIONS = YES;
				CLANG_WARN_DIRECT_OBJC_ISA_USAGE = YES_ERROR;
				CLANG_WARN_DOCUMENTATION_COMMENTS = YES;
				CLANG_WARN_EMPTY_BODY = YES;
				CLANG_WARN_ENUM_CONVERSION = YES;
				CLANG_WARN_INFINITE_RECURSION = YES;
				CLANG_WARN_INT_CONVERSION = YES;
				CLANG_WARN_NON_LITERAL_NULL_CONVERSION = YES;
				CLANG_WARN_OBJC_IMPLICIT_RETAIN_SELF = YES;
				CLANG_WARN_OBJC_LITERAL_CONVERSION = YES;
				CLANG_WARN_OBJC_ROOT_CLASS = YES_ERROR;
				CLANG_WARN_QUOTED_INCLUDE_IN_FRAMEWORK_HEADER = YES;
				CLANG_WARN_RANGE_LOOP_ANALYSIS = YES;
				CLANG_WARN_STRICT_PROTOTYPES = YES;
				CLANG_WARN_SUSPICIOUS_MOVE = YES;
				CLANG_WARN_UNGUARDED_AVAILABILITY = YES_AGGRESSIVE;
				CLANG_WARN_UNREACHABLE_CODE = YES;
				CLANG_WARN__DUPLICATE_METHOD_MATCH = YES;
				COPY_PHASE_STRIP = NO;
				DEBUG_INFORMATION_FORMAT = dwarf;
				ENABLE_STRICT_OBJC_MSGSEND = YES;
				ENABLE_TESTABILITY = YES;
				ENABLE_USER_SCRIPT_SANDBOXING = YES;
				GCC_C_LANGUAGE_STANDARD = gnu17;
				GCC_DYNAMIC_NO_PIC = NO;
				GCC_NO_COMMON_BLOCKS = YES;
				GCC_OPTIMIZATION_LEVEL = 0;
				GCC_PREPROCESSOR_DEFINITIONS = (
					"DEBUG=1",
					"$(inherited)",
				);
				GCC_WARN_64_TO_32_BIT_CONVERSION = YES;
				GCC_WARN_ABOUT_RETURN_TYPE = YES_ERROR;
				GCC_WARN_UNDECLARED_SELECTOR = YES;
				GCC_WARN_UNINITIALIZED_AUTOS = YES_AGGRESSIVE;
				GCC_WARN_UNUSED_FUNCTION = YES;
				GCC_WARN_UNUSED_VARIABLE = YES;
				IPHONEOS_DEPLOYMENT_TARGET = 18.0;
				LOCALIZATION_PREFERS_STRING_CATALOGS = YES;
				MTL_ENABLE_DEBUG_INFO = INCLUDE_SOURCE;
				MTL_FAST_MATH = YES;
				ONLY_ACTIVE_ARCH = YES;
				SDKROOT = iphoneos;
				SWIFT_ACTIVE_COMPILATION_CONDITIONS = "DEBUG $(inherited)";
				SWIFT_OPTIMIZATION_LEVEL = "-Onone";
			};
			name = Debug;
		};
		70D8674A2CCD8DE800F31D10 /* Release */ = {
			isa = XCBuildConfiguration;
			buildSettings = {
				ALWAYS_SEARCH_USER_PATHS = NO;
				ASSETCATALOG_COMPILER_GENERATE_SWIFT_ASSET_SYMBOL_EXTENSIONS = YES;
				CLANG_ANALYZER_NONNULL = YES;
				CLANG_ANALYZER_NUMBER_OBJECT_CONVERSION = YES_AGGRESSIVE;
				CLANG_CXX_LANGUAGE_STANDARD = "gnu++20";
				CLANG_ENABLE_MODULES = YES;
				CLANG_ENABLE_OBJC_ARC = YES;
				CLANG_ENABLE_OBJC_WEAK = YES;
				CLANG_WARN_BLOCK_CAPTURE_AUTORELEASING = YES;
				CLANG_WARN_BOOL_CONVERSION = YES;
				CLANG_WARN_COMMA = YES;
				CLANG_WARN_CONSTANT_CONVERSION = YES;
				CLANG_WARN_DEPRECATED_OBJC_IMPLEMENTATIONS = YES;
				CLANG_WARN_DIRECT_OBJC_ISA_USAGE = YES_ERROR;
				CLANG_WARN_DOCUMENTATION_COMMENTS = YES;
				CLANG_WARN_EMPTY_BODY = YES;
				CLANG_WARN_ENUM_CONVERSION = YES;
				CLANG_WARN_INFINITE_RECURSION = YES;
				CLANG_WARN_INT_CONVERSION = YES;
				CLANG_WARN_NON_LITERAL_NULL_CONVERSION = YES;
				CLANG_WARN_OBJC_IMPLICIT_RETAIN_SELF = YES;
				CLANG_WARN_OBJC_LITERAL_CONVERSION = YES;
				CLANG_WARN_OBJC_ROOT_CLASS = YES_ERROR;
				CLANG_WARN_QUOTED_INCLUDE_IN_FRAMEWORK_HEADER = YES;
				CLANG_WARN_RANGE_LOOP_ANALYSIS = YES;
				CLANG_WARN_STRICT_PROTOTYPES = YES;
				CLANG_WARN_SUSPICIOUS_MOVE = YES;
				CLANG_WARN_UNGUARDED_AVAILABILITY = YES_AGGRESSIVE;
				CLANG_WARN_UNREACHABLE_CODE = YES;
				CLANG_WARN__DUPLICATE_METHOD_MATCH = YES;
				COPY_PHASE_STRIP = NO;
				DEBUG_INFORMATION_FORMAT = "dwarf-with-dsym";
				ENABLE_NS_ASSERTIONS = NO;
				ENABLE_STRICT_OBJC_MSGSEND = YES;
				ENABLE_USER_SCRIPT_SANDBOXING = YES;
				GCC_C_LANGUAGE_STANDARD = gnu17;
				GCC_NO_COMMON_BLOCKS = YES;
				GCC_WARN_64_TO_32_BIT_CONVERSION = YES;
				GCC_WARN_ABOUT_RETURN_TYPE = YES_ERROR;
				GCC_WARN_UNDECLARED_SELECTOR = YES;
				GCC_WARN_UNINITIALIZED_AUTOS = YES_AGGRESSIVE;
				GCC_WARN_UNUSED_FUNCTION = YES;
				GCC_WARN_UNUSED_VARIABLE = YES;
				IPHONEOS_DEPLOYMENT_TARGET = 18.0;
				LOCALIZATION_PREFERS_STRING_CATALOGS = YES;
				MTL_ENABLE_DEBUG_INFO = NO;
				MTL_FAST_MATH = YES;
				SDKROOT = iphoneos;
				SWIFT_COMPILATION_MODE = wholemodule;
				VALIDATE_PRODUCT = YES;
			};
			name = Release;
		};
		70D8674C2CCD8DE800F31D10 /* Debug */ = {
			isa = XCBuildConfiguration;
			buildSettings = {
				ASSETCATALOG_COMPILER_APPICON_NAME = AppIcon;
				ASSETCATALOG_COMPILER_GLOBAL_ACCENT_COLOR_NAME = AccentColor;
				CODE_SIGN_STYLE = Automatic;
				CURRENT_PROJECT_VERSION = 1;
				DEVELOPMENT_ASSET_PATHS = "\"ValidateImage/Preview Content\"";
				DEVELOPMENT_TEAM = L45MLAS4KX;
				ENABLE_PREVIEWS = YES;
				GENERATE_INFOPLIST_FILE = YES;
				INFOPLIST_KEY_UIApplicationSceneManifest_Generation = YES;
				INFOPLIST_KEY_UIApplicationSupportsIndirectInputEvents = YES;
				INFOPLIST_KEY_UILaunchScreen_Generation = YES;
				INFOPLIST_KEY_UISupportedInterfaceOrientations_iPad = "UIInterfaceOrientationPortrait UIInterfaceOrientationPortraitUpsideDown UIInterfaceOrientationLandscapeLeft UIInterfaceOrientationLandscapeRight";
				INFOPLIST_KEY_UISupportedInterfaceOrientations_iPhone = "UIInterfaceOrientationPortrait UIInterfaceOrientationLandscapeLeft UIInterfaceOrientationLandscapeRight";
				LD_RUNPATH_SEARCH_PATHS = (
					"$(inherited)",
					"@executable_path/Frameworks",
				);
				MARKETING_VERSION = 1.0;
				PRODUCT_BUNDLE_IDENTIFIER = prueba.ValidateImage;
				PRODUCT_NAME = "$(TARGET_NAME)";
				SWIFT_EMIT_LOC_STRINGS = YES;
				SWIFT_VERSION = 5.0;
				TARGETED_DEVICE_FAMILY = "1,2";
			};
			name = Debug;
		};
		70D8674D2CCD8DE800F31D10 /* Release */ = {
			isa = XCBuildConfiguration;
			buildSettings = {
				ASSETCATALOG_COMPILER_APPICON_NAME = AppIcon;
				ASSETCATALOG_COMPILER_GLOBAL_ACCENT_COLOR_NAME = AccentColor;
				CODE_SIGN_STYLE = Automatic;
				CURRENT_PROJECT_VERSION = 1;
				DEVELOPMENT_ASSET_PATHS = "\"ValidateImage/Preview Content\"";
				DEVELOPMENT_TEAM = L45MLAS4KX;
				ENABLE_PREVIEWS = YES;
				GENERATE_INFOPLIST_FILE = YES;
				INFOPLIST_KEY_UIApplicationSceneManifest_Generation = YES;
				INFOPLIST_KEY_UIApplicationSupportsIndirectInputEvents = YES;
				INFOPLIST_KEY_UILaunchScreen_Generation = YES;
				INFOPLIST_KEY_UISupportedInterfaceOrientations_iPad = "UIInterfaceOrientationPortrait UIInterfaceOrientationPortraitUpsideDown UIInterfaceOrientationLandscapeLeft UIInterfaceOrientationLandscapeRight";
				INFOPLIST_KEY_UISupportedInterfaceOrientations_iPhone = "UIInterfaceOrientationPortrait UIInterfaceOrientationLandscapeLeft UIInterfaceOrientationLandscapeRight";
				LD_RUNPATH_SEARCH_PATHS = (
					"$(inherited)",
					"@executable_path/Frameworks",
				);
				MARKETING_VERSION = 1.0;
				PRODUCT_BUNDLE_IDENTIFIER = prueba.ValidateImage;
				PRODUCT_NAME = "$(TARGET_NAME)";
				SWIFT_EMIT_LOC_STRINGS = YES;
				SWIFT_VERSION = 5.0;
				TARGETED_DEVICE_FAMILY = "1,2";
			};
			name = Release;
		};
		70D8674F2CCD8DE800F31D10 /* Debug */ = {
			isa = XCBuildConfiguration;
			buildSettings = {
				BUNDLE_LOADER = "$(TEST_HOST)";
				CODE_SIGN_STYLE = Automatic;
				CURRENT_PROJECT_VERSION = 1;
				DEVELOPMENT_TEAM = L45MLAS4KX;
				GENERATE_INFOPLIST_FILE = YES;
				IPHONEOS_DEPLOYMENT_TARGET = 18.0;
				MARKETING_VERSION = 1.0;
				PRODUCT_BUNDLE_IDENTIFIER = prueba.ValidateImageTests;
				PRODUCT_NAME = "$(TARGET_NAME)";
				SWIFT_EMIT_LOC_STRINGS = NO;
				SWIFT_VERSION = 5.0;
				TARGETED_DEVICE_FAMILY = "1,2";
				TEST_HOST = "$(BUILT_PRODUCTS_DIR)/ValidateImage.app/$(BUNDLE_EXECUTABLE_FOLDER_PATH)/ValidateImage";
			};
			name = Debug;
		};
		70D867502CCD8DE800F31D10 /* Release */ = {
			isa = XCBuildConfiguration;
			buildSettings = {
				BUNDLE_LOADER = "$(TEST_HOST)";
				CODE_SIGN_STYLE = Automatic;
				CURRENT_PROJECT_VERSION = 1;
				DEVELOPMENT_TEAM = L45MLAS4KX;
				GENERATE_INFOPLIST_FILE = YES;
				IPHONEOS_DEPLOYMENT_TARGET = 18.0;
				MARKETING_VERSION = 1.0;
				PRODUCT_BUNDLE_IDENTIFIER = prueba.ValidateImageTests;
				PRODUCT_NAME = "$(TARGET_NAME)";
				SWIFT_EMIT_LOC_STRINGS = NO;
				SWIFT_VERSION = 5.0;
				TARGETED_DEVICE_FAMILY = "1,2";
				TEST_HOST = "$(BUILT_PRODUCTS_DIR)/ValidateImage.app/$(BUNDLE_EXECUTABLE_FOLDER_PATH)/ValidateImage";
			};
			name = Release;
		};
		70D867522CCD8DE800F31D10 /* Debug */ = {
			isa = XCBuildConfiguration;
			buildSettings = {
				CODE_SIGN_STYLE = Automatic;
				CURRENT_PROJECT_VERSION = 1;
				DEVELOPMENT_TEAM = L45MLAS4KX;
				GENERATE_INFOPLIST_FILE = YES;
				MARKETING_VERSION = 1.0;
				PRODUCT_BUNDLE_IDENTIFIER = prueba.ValidateImageUITests;
				PRODUCT_NAME = "$(TARGET_NAME)";
				SWIFT_EMIT_LOC_STRINGS = NO;
				SWIFT_VERSION = 5.0;
				TARGETED_DEVICE_FAMILY = "1,2";
				TEST_TARGET_NAME = ValidateImage;
			};
			name = Debug;
		};
		70D867532CCD8DE800F31D10 /* Release */ = {
			isa = XCBuildConfiguration;
			buildSettings = {
				CODE_SIGN_STYLE = Automatic;
				CURRENT_PROJECT_VERSION = 1;
				DEVELOPMENT_TEAM = L45MLAS4KX;
				GENERATE_INFOPLIST_FILE = YES;
				MARKETING_VERSION = 1.0;
				PRODUCT_BUNDLE_IDENTIFIER = prueba.ValidateImageUITests;
				PRODUCT_NAME = "$(TARGET_NAME)";
				SWIFT_EMIT_LOC_STRINGS = NO;
				SWIFT_VERSION = 5.0;
				TARGETED_DEVICE_FAMILY = "1,2";
				TEST_TARGET_NAME = ValidateImage;
			};
			name = Release;
		};
/* End XCBuildConfiguration section */

/* Begin XCConfigurationList section */
		70D867222CCD8DE700F31D10 /* Build configuration list for PBXProject "ValidateImage" */ = {
			isa = XCConfigurationList;
			buildConfigurations = (
				70D867492CCD8DE800F31D10 /* Debug */,
				70D8674A2CCD8DE800F31D10 /* Release */,
			);
			defaultConfigurationIsVisible = 0;
			defaultConfigurationName = Release;
		};
		70D8674B2CCD8DE800F31D10 /* Build configuration list for PBXNativeTarget "ValidateImage" */ = {
			isa = XCConfigurationList;
			buildConfigurations = (
				70D8674C2CCD8DE800F31D10 /* Debug */,
				70D8674D2CCD8DE800F31D10 /* Release */,
			);
			defaultConfigurationIsVisible = 0;
			defaultConfigurationName = Release;
		};
		70D8674E2CCD8DE800F31D10 /* Build configuration list for PBXNativeTarget "ValidateImageTests" */ = {
			isa = XCConfigurationList;
			buildConfigurations = (
				70D8674F2CCD8DE800F31D10 /* Debug */,
				70D867502CCD8DE800F31D10 /* Release */,
			);
			defaultConfigurationIsVisible = 0;
			defaultConfigurationName = Release;
		};
		70D867512CCD8DE800F31D10 /* Build configuration list for PBXNativeTarget "ValidateImageUITests" */ = {
			isa = XCConfigurationList;
			buildConfigurations = (
				70D867522CCD8DE800F31D10 /* Debug */,
				70D867532CCD8DE800F31D10 /* Release */,
			);
			defaultConfigurationIsVisible = 0;
			defaultConfigurationName = Release;
		};
/* End XCConfigurationList section */
	};
	rootObject = 70D8671F2CCD8DE700F31D10 /* Project object */;
}
